
Microsoft Visual Studio Solution File, Format Version 12.00
# Visual Studio Version 16
VisualStudioVersion = 16.0.30413.136
MinimumVisualStudioVersion = 10.0.40219.1
Project("{FAE04EC0-301F-11D3-BF4B-00C04F79EFBC}") = "Lab1", "Lab1.csproj", "{BFDC0D29-F94C-4BBE-97E3-9B2E2D246A8B}"
EndProject
Global
	GlobalSection(SolutionConfigurationPlatforms) = preSolution
		Debug|Any CPU = Debug|Any CPU
		Release|Any CPU = Release|Any CPU
	EndGlobalSection
	GlobalSection(ProjectConfigurationPlatforms) = postSolution
		{BFDC0D29-F94C-4BBE-97E3-9B2E2D246A8B}.Debug|Any CPU.ActiveCfg = Debug|Any CPU
		{BFDC0D29-F94C-4BBE-97E3-9B2E2D246A8B}.Debug|Any CPU.Build.0 = Debug|Any CPU
		{BFDC0D29-F94C-4BBE-97E3-9B2E2D246A8B}.Release|Any CPU.ActiveCfg = Release|Any CPU
		{BFDC0D29-F94C-4BBE-97E3-9B2E2D246A8B}.Release|Any CPU.Build.0 = Release|Any CPU
	EndGlobalSection
	GlobalSection(SolutionProperties) = preSolution
		HideSolutionNode = FALSE
	EndGlobalSection
	GlobalSection(ExtensibilityGlobals) = postSolution
		SolutionGuid = {C17F5D25-6CFB-4637-97AA-A7A05E581AA2}
	EndGlobalSection
EndGlobal
